
Microsoft Visual Studio Solution File, Format Version 12.00
# Visual Studio Version 17
VisualStudioVersion = 17.7.34024.191
MinimumVisualStudioVersion = 10.0.40219.1
Project("{FAE04EC0-301F-11D3-BF4B-00C04F79EFBC}") = "PuntuationHomeWork", "PuntuationHomeWork\PuntuationHomeWork.csproj", "{186C8FAC-6B0C-4524-B8E4-D885B0C16899}"
EndProject
Global
	GlobalSection(SolutionConfigurationPlatforms) = preSolution
		Debug|Any CPU = Debug|Any CPU
		Release|Any CPU = Release|Any CPU
	EndGlobalSection
	GlobalSection(ProjectConfigurationPlatforms) = postSolution
		{186C8FAC-6B0C-4524-B8E4-D885B0C16899}.Debug|Any CPU.ActiveCfg = Debug|Any CPU
		{186C8FAC-6B0C-4524-B8E4-D885B0C16899}.Debug|Any CPU.Build.0 = Debug|Any CPU
		{186C8FAC-6B0C-4524-B8E4-D885B0C16899}.Release|Any CPU.ActiveCfg = Release|Any CPU
		{186C8FAC-6B0C-4524-B8E4-D885B0C16899}.Release|Any CPU.Build.0 = Release|Any CPU
	EndGlobalSection
	GlobalSection(SolutionProperties) = preSolution
		HideSolutionNode = FALSE
	EndGlobalSection
	GlobalSection(ExtensibilityGlobals) = postSolution
		SolutionGuid = {6671816F-68C6-4E5F-9C23-A156D3DC5BDC}
	EndGlobalSection
EndGlobal
